{
  "name": "my-proj",
  "version": "1.0.0",
  "lockfileVersion": 3,
  "requires": true,
  "packages": {
    "": {
      "name": "my-proj",
      "version": "1.0.0",
      "license": "ISC",
      "dependencies": {
        "debounce": "^2.0.0",
        "simplelightbox": "^2.14.2"
      }
    },
    "node_modules/debounce": {
      "version": "2.0.0",
      "resolved": "https://registry.npmjs.org/debounce/-/debounce-2.0.0.tgz",
      "integrity": "sha512-xRetU6gL1VJbs85Mc4FoEGSjQxzpdxRyFhe3lmWFyy2EzydIcD4xzUvRJMD+NPDfMwKNhxa3PvsIOU32luIWeA==",
      "engines": {
        "node": ">=18"
      },
      "funding": {
        "url": "https://github.com/sponsors/sindresorhus"
      }
    },
    "node_modules/simplelightbox": {
      "version": "2.14.2",
      "resolved": "https://registry.npmjs.org/simplelightbox/-/simplelightbox-2.14.2.tgz",
      "integrity": "sha512-6Pm85SEs4sseY/Jf7AeXs8hbxQFv3CV2dXWF+8aZ2T4Rtl//WfVIGWkLTCUZX5hO8kIgHvf//xOjBwmZfx9hjA=="
    }
  }
}
